
Microsoft Visual Studio Solution File, Format Version 12.00
# Visual Studio 14
VisualStudioVersion = 14.0.24720.0
MinimumVisualStudioVersion = 10.0.40219.1
Project("{FAE04EC0-301F-11D3-BF4B-00C04F79EFBC}") = "1. Hello, Name!", "1. Hello, Name!\1. Hello, Name!.csproj", "{B7D4ADDF-6F37-4821-A29C-B5E11952D363}"
EndProject
Project("{FAE04EC0-301F-11D3-BF4B-00C04F79EFBC}") = "2. Min Method", "2. Min Method\2. Min Method.csproj", "{EDED249F-9593-40A1-B289-28B0017F197F}"
EndProject
Project("{FAE04EC0-301F-11D3-BF4B-00C04F79EFBC}") = "3. String Repeater", "3. String Repeater\3. String Repeater.csproj", "{8A0A47AF-BEC0-4AEA-ACC5-30A0543EDCB9}"
EndProject
Project("{FAE04EC0-301F-11D3-BF4B-00C04F79EFBC}") = "4. Nth Digit", "4. Nth Digit\4. Nth Digit.csproj", "{998870A6-56BD-463F-B77A-5CDC58373EBE}"
EndProject
Project("{FAE04EC0-301F-11D3-BF4B-00C04F79EFBC}") = "5. Integer to Base", "5. Integer to Base\5. Integer to Base.csproj", "{7365A46D-AF51-4AE4-94F7-3B295BE2D1E1}"
EndProject
Project("{FAE04EC0-301F-11D3-BF4B-00C04F79EFBC}") = "6. Notifications", "6. Notifications\6. Notifications.csproj", "{1DC4DA3E-1441-46DC-AEE5-F1F4DB2BDB69}"
EndProject
Project("{FAE04EC0-301F-11D3-BF4B-00C04F79EFBC}") = "7.  Numbers to Words", "7.  Numbers to Words\7.  Numbers to Words.csproj", "{5DB38022-41BC-42D9-8D6B-63F55777C5C9}"
EndProject
Project("{FAE04EC0-301F-11D3-BF4B-00C04F79EFBC}") = "9. Largest Element in Array", "9. Largest Element in Array\9. Largest Element in Array.csproj", "{3AE41F49-7EF2-4C79-85FC-E4F81659F352}"
EndProject
Project("{FAE04EC0-301F-11D3-BF4B-00C04F79EFBC}") = "10. Count", "10. Count\10. Count.csproj", "{D7A86F05-CA89-43CD-B50C-52EE56B4FBFD}"
EndProject
Project("{FAE04EC0-301F-11D3-BF4B-00C04F79EFBC}") = "11. CountGivenElementArray", "11. CountGivenElementArray\11. CountGivenElementArray.csproj", "{EC01D4FC-B45A-4948-9682-5EFA430F04C7}"
EndProject
Project("{FAE04EC0-301F-11D3-BF4B-00C04F79EFBC}") = "Occurrences of Larger Numbers", "Occurrences of Larger Numbers\Occurrences of Larger Numbers.csproj", "{C9BD6F0C-C46E-450E-805F-D08162571C15}"
EndProject
Project("{FAE04EC0-301F-11D3-BF4B-00C04F79EFBC}") = "13. Increasing Sequence", "13. Increasing Sequence\13. Increasing Sequence.csproj", "{333146B9-16D5-490C-8813-6CFA1A946484}"
EndProject
Project("{FAE04EC0-301F-11D3-BF4B-00C04F79EFBC}") = "14. Equal Sequence", "14. Equal Sequence\14. Equal Sequence.csproj", "{A6314931-C016-43F1-B382-3BE3A1D81BE7}"
EndProject
Project("{FAE04EC0-301F-11D3-BF4B-00C04F79EFBC}") = "15. Count Capital Letters", "15. Count Capital Letters\15. Count Capital Letters.csproj", "{A70F1683-EA40-4845-91F5-D26CA6685960}"
EndProject
Global
	GlobalSection(SolutionConfigurationPlatforms) = preSolution
		Debug|Any CPU = Debug|Any CPU
		Release|Any CPU = Release|Any CPU
	EndGlobalSection
	GlobalSection(ProjectConfigurationPlatforms) = postSolution
		{B7D4ADDF-6F37-4821-A29C-B5E11952D363}.Debug|Any CPU.ActiveCfg = Debug|Any CPU
		{B7D4ADDF-6F37-4821-A29C-B5E11952D363}.Debug|Any CPU.Build.0 = Debug|Any CPU
		{B7D4ADDF-6F37-4821-A29C-B5E11952D363}.Release|Any CPU.ActiveCfg = Release|Any CPU
		{B7D4ADDF-6F37-4821-A29C-B5E11952D363}.Release|Any CPU.Build.0 = Release|Any CPU
		{EDED249F-9593-40A1-B289-28B0017F197F}.Debug|Any CPU.ActiveCfg = Debug|Any CPU
		{EDED249F-9593-40A1-B289-28B0017F197F}.Debug|Any CPU.Build.0 = Debug|Any CPU
		{EDED249F-9593-40A1-B289-28B0017F197F}.Release|Any CPU.ActiveCfg = Release|Any CPU
		{EDED249F-9593-40A1-B289-28B0017F197F}.Release|Any CPU.Build.0 = Release|Any CPU
		{8A0A47AF-BEC0-4AEA-ACC5-30A0543EDCB9}.Debug|Any CPU.ActiveCfg = Debug|Any CPU
		{8A0A47AF-BEC0-4AEA-ACC5-30A0543EDCB9}.Debug|Any CPU.Build.0 = Debug|Any CPU
		{8A0A47AF-BEC0-4AEA-ACC5-30A0543EDCB9}.Release|Any CPU.ActiveCfg = Release|Any CPU
		{8A0A47AF-BEC0-4AEA-ACC5-30A0543EDCB9}.Release|Any CPU.Build.0 = Release|Any CPU
		{998870A6-56BD-463F-B77A-5CDC58373EBE}.Debug|Any CPU.ActiveCfg = Debug|Any CPU
		{998870A6-56BD-463F-B77A-5CDC58373EBE}.Debug|Any CPU.Build.0 = Debug|Any CPU
		{998870A6-56BD-463F-B77A-5CDC58373EBE}.Release|Any CPU.ActiveCfg = Release|Any CPU
		{998870A6-56BD-463F-B77A-5CDC58373EBE}.Release|Any CPU.Build.0 = Release|Any CPU
		{7365A46D-AF51-4AE4-94F7-3B295BE2D1E1}.Debug|Any CPU.ActiveCfg = Debug|Any CPU
		{7365A46D-AF51-4AE4-94F7-3B295BE2D1E1}.Debug|Any CPU.Build.0 = Debug|Any CPU
		{7365A46D-AF51-4AE4-94F7-3B295BE2D1E1}.Release|Any CPU.ActiveCfg = Release|Any CPU
		{7365A46D-AF51-4AE4-94F7-3B295BE2D1E1}.Release|Any CPU.Build.0 = Release|Any CPU
		{1DC4DA3E-1441-46DC-AEE5-F1F4DB2BDB69}.Debug|Any CPU.ActiveCfg = Debug|Any CPU
		{1DC4DA3E-1441-46DC-AEE5-F1F4DB2BDB69}.Debug|Any CPU.Build.0 = Debug|Any CPU
		{1DC4DA3E-1441-46DC-AEE5-F1F4DB2BDB69}.Release|Any CPU.ActiveCfg = Release|Any CPU
		{1DC4DA3E-1441-46DC-AEE5-F1F4DB2BDB69}.Release|Any CPU.Build.0 = Release|Any CPU
		{5DB38022-41BC-42D9-8D6B-63F55777C5C9}.Debug|Any CPU.ActiveCfg = Debug|Any CPU
		{5DB38022-41BC-42D9-8D6B-63F55777C5C9}.Debug|Any CPU.Build.0 = Debug|Any CPU
		{5DB38022-41BC-42D9-8D6B-63F55777C5C9}.Release|Any CPU.ActiveCfg = Release|Any CPU
		{5DB38022-41BC-42D9-8D6B-63F55777C5C9}.Release|Any CPU.Build.0 = Release|Any CPU
		{3AE41F49-7EF2-4C79-85FC-E4F81659F352}.Debug|Any CPU.ActiveCfg = Debug|Any CPU
		{3AE41F49-7EF2-4C79-85FC-E4F81659F352}.Debug|Any CPU.Build.0 = Debug|Any CPU
		{3AE41F49-7EF2-4C79-85FC-E4F81659F352}.Release|Any CPU.ActiveCfg = Release|Any CPU
		{3AE41F49-7EF2-4C79-85FC-E4F81659F352}.Release|Any CPU.Build.0 = Release|Any CPU
		{D7A86F05-CA89-43CD-B50C-52EE56B4FBFD}.Debug|Any CPU.ActiveCfg = Debug|Any CPU
		{D7A86F05-CA89-43CD-B50C-52EE56B4FBFD}.Debug|Any CPU.Build.0 = Debug|Any CPU
		{D7A86F05-CA89-43CD-B50C-52EE56B4FBFD}.Release|Any CPU.ActiveCfg = Release|Any CPU
		{D7A86F05-CA89-43CD-B50C-52EE56B4FBFD}.Release|Any CPU.Build.0 = Release|Any CPU
		{EC01D4FC-B45A-4948-9682-5EFA430F04C7}.Debug|Any CPU.ActiveCfg = Debug|Any CPU
		{EC01D4FC-B45A-4948-9682-5EFA430F04C7}.Debug|Any CPU.Build.0 = Debug|Any CPU
		{EC01D4FC-B45A-4948-9682-5EFA430F04C7}.Release|Any CPU.ActiveCfg = Release|Any CPU
		{EC01D4FC-B45A-4948-9682-5EFA430F04C7}.Release|Any CPU.Build.0 = Release|Any CPU
		{C9BD6F0C-C46E-450E-805F-D08162571C15}.Debug|Any CPU.ActiveCfg = Debug|Any CPU
		{C9BD6F0C-C46E-450E-805F-D08162571C15}.Debug|Any CPU.Build.0 = Debug|Any CPU
		{C9BD6F0C-C46E-450E-805F-D08162571C15}.Release|Any CPU.ActiveCfg = Release|Any CPU
		{C9BD6F0C-C46E-450E-805F-D08162571C15}.Release|Any CPU.Build.0 = Release|Any CPU
		{333146B9-16D5-490C-8813-6CFA1A946484}.Debug|Any CPU.ActiveCfg = Debug|Any CPU
		{333146B9-16D5-490C-8813-6CFA1A946484}.Debug|Any CPU.Build.0 = Debug|Any CPU
		{333146B9-16D5-490C-8813-6CFA1A946484}.Release|Any CPU.ActiveCfg = Release|Any CPU
		{333146B9-16D5-490C-8813-6CFA1A946484}.Release|Any CPU.Build.0 = Release|Any CPU
		{A6314931-C016-43F1-B382-3BE3A1D81BE7}.Debug|Any CPU.ActiveCfg = Debug|Any CPU
		{A6314931-C016-43F1-B382-3BE3A1D81BE7}.Debug|Any CPU.Build.0 = Debug|Any CPU
		{A6314931-C016-43F1-B382-3BE3A1D81BE7}.Release|Any CPU.ActiveCfg = Release|Any CPU
		{A6314931-C016-43F1-B382-3BE3A1D81BE7}.Release|Any CPU.Build.0 = Release|Any CPU
		{A70F1683-EA40-4845-91F5-D26CA6685960}.Debug|Any CPU.ActiveCfg = Debug|Any CPU
		{A70F1683-EA40-4845-91F5-D26CA6685960}.Debug|Any CPU.Build.0 = Debug|Any CPU
		{A70F1683-EA40-4845-91F5-D26CA6685960}.Release|Any CPU.ActiveCfg = Release|Any CPU
		{A70F1683-EA40-4845-91F5-D26CA6685960}.Release|Any CPU.Build.0 = Release|Any CPU
	EndGlobalSection
	GlobalSection(SolutionProperties) = preSolution
		HideSolutionNode = FALSE
	EndGlobalSection
EndGlobal
